
Microsoft Visual Studio Solution File, Format Version 12.00
# Visual Studio Version 17
VisualStudioVersion = 17.8.34525.116
MinimumVisualStudioVersion = 10.0.40219.1
Project("{FAE04EC0-301F-11D3-BF4B-00C04F79EFBC}") = "AeroAssist", "AeroAssist.csproj", "{5636E811-C912-4C73-A561-DB9A2E9E747C}"
EndProject
Global
	GlobalSection(SolutionConfigurationPlatforms) = preSolution
		Debug|Any CPU = Debug|Any CPU
		Release|Any CPU = Release|Any CPU
	EndGlobalSection
	GlobalSection(ProjectConfigurationPlatforms) = postSolution
		{5636E811-C912-4C73-A561-DB9A2E9E747C}.Debug|Any CPU.ActiveCfg = Debug|Any CPU
		{5636E811-C912-4C73-A561-DB9A2E9E747C}.Debug|Any CPU.Build.0 = Debug|Any CPU
		{5636E811-C912-4C73-A561-DB9A2E9E747C}.Release|Any CPU.ActiveCfg = Release|Any CPU
		{5636E811-C912-4C73-A561-DB9A2E9E747C}.Release|Any CPU.Build.0 = Release|Any CPU
	EndGlobalSection
	GlobalSection(SolutionProperties) = preSolution
		HideSolutionNode = FALSE
	EndGlobalSection
	GlobalSection(ExtensibilityGlobals) = postSolution
		SolutionGuid = {942412DB-E398-48AF-B4A3-FDE28E622656}
	EndGlobalSection
EndGlobal
